<?xml version="1.0" encoding="utf-8"?>
<Project ToolsVersion="4.0" xmlns="http://schemas.microsoft.com/developer/msbuild/2003">
  <ItemGroup>
    <Filter Include="Source Files">
      <UniqueIdentifier>{4FC737F1-C7A5-4376-A066-2A32D752A2FF}</UniqueIdentifier>
      <Extensions>cpp;c;cc;cxx;c++;cppm;ixx;def;odl;idl;hpj;bat;asm;asmx</Extensions>
    </Filter>
    <Filter Include="Header Files">
      <UniqueIdentifier>{93995380-89BD-4b04-88EB-625FBE52EBFB}</UniqueIdentifier>
      <Extensions>h;hh;hpp;hxx;h++;hm;inl;inc;ipp;xsd</Extensions>
    </Filter>
    <Filter Include="Resource Files">
      <UniqueIdentifier>{67DA6AB6-F800-4c08-8B7A-83BB121AAD01}</UniqueIdentifier>
      <Extensions>rc;ico;cur;bmp;dlg;rc2;rct;bin;rgs;gif;jpg;jpeg;jpe;resx;tiff;tif;png;wav;mfcribbon-ms</Extensions>
    </Filter>
  </ItemGroup>
  <ItemGroup>
    <ClCompile Include="src\Launch.cpp">
      <Filter>Source Files</Filter>
    </ClCompile>
    <ClCompile Include="src\runtime\Engine.cpp">
      <Filter>Source Files</Filter>
    </ClCompile>
    <ClCompile Include="src\core\EngineSubsystem.cpp">
      <Filter>Source Files</Filter>
    </ClCompile>
    <ClCompile Include="src\runtime\memory\MemoryManager.cpp">
      <Filter>Source Files</Filter>
    </ClCompile>
    <ClCompile Include="src\runtime\memory\allocators\Allocator.cpp">
      <Filter>Source Files</Filter>
    </ClCompile>
    <ClCompile Include="src\runtime\memory\allocators\LinearAllocator.cpp">
      <Filter>Source Files</Filter>
    </ClCompile>
    <ClCompile Include="src\runtime\memory\allocators\StackAllocator.cpp">
      <Filter>Source Files</Filter>
    </ClCompile>
    <ClCompile Include="src\runtime\memory\allocators\PoolAllocator.cpp">
      <Filter>Source Files</Filter>
    </ClCompile>
    <ClCompile Include="src\runtime\memory\allocators\FreeListAllocator.cpp">
      <Filter>Source Files</Filter>
    </ClCompile>
    <ClCompile Include="src\runtime\memory\allocators\MemoryAllocator.cpp">
      <Filter>Source Files</Filter>
    </ClCompile>
    <ClCompile Include="src\runtime\window\WindowManager.cpp">
      <Filter>Source Files</Filter>
    </ClCompile>
    <ClCompile Include="src\runtime\window\windows\Win32Window.cpp">
      <Filter>Source Files</Filter>
    </ClCompile>
    <ClCompile Include="src\runtime\rendering\renderers\ForwardRenderer.cpp">
      <Filter>Source Files</Filter>
    </ClCompile>
    <ClCompile Include="src\runtime\rendering\Renderer.cpp">
      <Filter>Source Files</Filter>
    </ClCompile>
    <ClCompile Include="src\runtime\rendering\RendererManager.cpp">
      <Filter>Source Files</Filter>
    </ClCompile>
    <ClCompile Include="src\core\UniqueId.cpp">
      <Filter>Source Files</Filter>
    </ClCompile>
    <ClCompile Include="src\core\object\ObjectManager.cpp">
      <Filter>Source Files</Filter>
    </ClCompile>
    <ClCompile Include="src\core\Ptr.cpp">
      <Filter>Source Files</Filter>
    </ClCompile>
    <ClCompile Include="src\runtime\rendering\dx12\DX12RenderInterface.cpp">
      <Filter>Source Files</Filter>
    </ClCompile>
    <ClCompile Include="src\runtime\rendering\dx12\DX12RenderSurface.cpp">
      <Filter>Source Files</Filter>
    </ClCompile>
    <ClCompile Include="src\core\object\Object.cpp">
      <Filter>Source Files</Filter>
    </ClCompile>
  </ItemGroup>
  <ItemGroup>
    <ClInclude Include="src\runtime\Engine.h">
      <Filter>Header Files</Filter>
    </ClInclude>
    <ClInclude Include="src\core\CoreMinimal.h">
      <Filter>Header Files</Filter>
    </ClInclude>
    <ClInclude Include="src\core\EngineSubsystem.h">
      <Filter>Header Files</Filter>
    </ClInclude>
    <ClInclude Include="src\runtime\Subsystems.h">
      <Filter>Header Files</Filter>
    </ClInclude>
    <ClInclude Include="src\runtime\memory\MemoryManager.h">
      <Filter>Header Files</Filter>
    </ClInclude>
    <ClInclude Include="src\runtime\memory\Allocators.h">
      <Filter>Header Files</Filter>
    </ClInclude>
    <ClInclude Include="src\runtime\memory\allocators\Allocator.h">
      <Filter>Header Files</Filter>
    </ClInclude>
    <ClInclude Include="src\runtime\memory\allocators\LinearAllocator.h">
      <Filter>Header Files</Filter>
    </ClInclude>
    <ClInclude Include="src\runtime\memory\utilities\AllocatorUtility.h">
      <Filter>Header Files</Filter>
    </ClInclude>
    <ClInclude Include="src\runtime\memory\allocators\StackAllocator.h">
      <Filter>Header Files</Filter>
    </ClInclude>
    <ClInclude Include="src\runtime\memory\allocators\PoolAllocator.h">
      <Filter>Header Files</Filter>
    </ClInclude>
    <ClInclude Include="src\runtime\memory\allocators\FreeListAllocator.h">
      <Filter>Header Files</Filter>
    </ClInclude>
    <ClInclude Include="src\runtime\memory\allocators\MemoryAllocator.h">
      <Filter>Header Files</Filter>
    </ClInclude>
    <ClInclude Include="src\runtime\window\WindowManager.h">
      <Filter>Header Files</Filter>
    </ClInclude>
    <ClInclude Include="src\runtime\window\windows\Win32Window.h">
      <Filter>Header Files</Filter>
    </ClInclude>
    <ClInclude Include="src\runtime\window\windows\Window.h">
      <Filter>Header Files</Filter>
    </ClInclude>
    <ClInclude Include="src\runtime\rendering\commands\RenderCommand.h">
      <Filter>Header Files</Filter>
    </ClInclude>
    <ClInclude Include="src\runtime\rendering\renderers\ForwardRenderer.h">
      <Filter>Header Files</Filter>
    </ClInclude>
    <ClInclude Include="src\runtime\rendering\Renderer.h">
      <Filter>Header Files</Filter>
    </ClInclude>
    <ClInclude Include="src\runtime\rendering\RendererManager.h">
      <Filter>Header Files</Filter>
    </ClInclude>
    <ClInclude Include="src\core\UniqueId.h">
      <Filter>Header Files</Filter>
    </ClInclude>
    <ClInclude Include="src\core\CoreTypes.h">
      <Filter>Header Files</Filter>
    </ClInclude>
    <ClInclude Include="src\core\CoreMacros.h">
      <Filter>Header Files</Filter>
    </ClInclude>
    <ClInclude Include="src\core\object\Object.h">
      <Filter>Header Files</Filter>
    </ClInclude>
    <ClInclude Include="src\core\object\ObjectManager.h">
      <Filter>Header Files</Filter>
    </ClInclude>
    <ClInclude Include="src\core\Ptr.h">
      <Filter>Header Files</Filter>
    </ClInclude>
    <ClInclude Include="src\core\object\ObjectMacros.h">
      <Filter>Header Files</Filter>
    </ClInclude>
    <ClInclude Include="src\core\CoreSubsystem.h">
      <Filter>Header Files</Filter>
    </ClInclude>
    <ClInclude Include="src\runtime\rendering\RenderSurface.h">
      <Filter>Header Files</Filter>
    </ClInclude>
    <ClInclude Include="src\runtime\rendering\dx12\DX12RenderInterface.h">
      <Filter>Header Files</Filter>
    </ClInclude>
    <ClInclude Include="src\runtime\rendering\RenderInterface.h">
      <Filter>Header Files</Filter>
    </ClInclude>
    <ClInclude Include="src\EngineFeatures.h">
      <Filter>Header Files</Filter>
    </ClInclude>
    <ClInclude Include="src\runtime\rendering\dx12\DX12RenderSurface.h">
      <Filter>Header Files</Filter>
    </ClInclude>
    <ClInclude Include="src\runtime\rendering\dx12\DX12Include.h">
      <Filter>Header Files</Filter>
    </ClInclude>
  </ItemGroup>
</Project>